
Microsoft Visual Studio Solution File, Format Version 12.00
# Visual Studio Version 17
VisualStudioVersion = 17.7.34221.43
MinimumVisualStudioVersion = 10.0.40219.1
Project("{FAE04EC0-301F-11D3-BF4B-00C04F79EFBC}") = "pr7", "pr7\pr7.csproj", "{5B629C19-BF12-4084-A379-602717561575}"
EndProject
Global
	GlobalSection(SolutionConfigurationPlatforms) = preSolution
		Debug|Any CPU = Debug|Any CPU
		Release|Any CPU = Release|Any CPU
	EndGlobalSection
	GlobalSection(ProjectConfigurationPlatforms) = postSolution
		{5B629C19-BF12-4084-A379-602717561575}.Debug|Any CPU.ActiveCfg = Debug|Any CPU
		{5B629C19-BF12-4084-A379-602717561575}.Debug|Any CPU.Build.0 = Debug|Any CPU
		{5B629C19-BF12-4084-A379-602717561575}.Release|Any CPU.ActiveCfg = Release|Any CPU
		{5B629C19-BF12-4084-A379-602717561575}.Release|Any CPU.Build.0 = Release|Any CPU
	EndGlobalSection
	GlobalSection(SolutionProperties) = preSolution
		HideSolutionNode = FALSE
	EndGlobalSection
	GlobalSection(ExtensibilityGlobals) = postSolution
		SolutionGuid = {A3C2D829-23E7-4CB2-98EE-946D7666E2DC}
	EndGlobalSection
EndGlobal
